{
  "name": "cloc",
  "version": "1.95.0-cloc",
  "lockfileVersion": 2,
  "requires": true,
  "packages": {
    "": {
      "name": "cloc",
      "version": "1.95.0-cloc",
      "license": "GPL-2.0",
      "bin": {
        "cloc": "lib/cloc"
      },
      "devDependencies": {
        "node-fetch-native": "^1.0.2"
      }
    },
    "node_modules/node-fetch-native": {
      "version": "1.0.2",
      "resolved": "https://registry.npmjs.org/node-fetch-native/-/node-fetch-native-1.0.2.tgz",
      "integrity": "sha512-KIkvH1jl6b3O7es/0ShyCgWLcfXxlBrLBbP3rOr23WArC66IMcU4DeZEeYEOwnopYhawLTn7/y+YtmASe8DFVQ==",
      "dev": true
    }
  },
  "dependencies": {
    "node-fetch-native": {
      "version": "1.0.2",
      "resolved": "https://registry.npmjs.org/node-fetch-native/-/node-fetch-native-1.0.2.tgz",
      "integrity": "sha512-KIkvH1jl6b3O7es/0ShyCgWLcfXxlBrLBbP3rOr23WArC66IMcU4DeZEeYEOwnopYhawLTn7/y+YtmASe8DFVQ==",
      "dev": true
    }
  }
}
